
Microsoft Visual Studio Solution File, Format Version 12.00
# Visual Studio 15
VisualStudioVersion = 15.0.27703.2035
MinimumVisualStudioVersion = 10.0.40219.1
Project("{FAE04EC0-301F-11D3-BF4B-00C04F79EFBC}") = "Metin2", "Metin2\Metin2.csproj", "{462A08F3-FC35-411A-A7C3-7A2141EFCBB0}"
EndProject
Global
	GlobalSection(SolutionConfigurationPlatforms) = preSolution
		Debug|Any CPU = Debug|Any CPU
		Release|Any CPU = Release|Any CPU
	EndGlobalSection
	GlobalSection(ProjectConfigurationPlatforms) = postSolution
		{462A08F3-FC35-411A-A7C3-7A2141EFCBB0}.Debug|Any CPU.ActiveCfg = Debug|Any CPU
		{462A08F3-FC35-411A-A7C3-7A2141EFCBB0}.Debug|Any CPU.Build.0 = Debug|Any CPU
		{462A08F3-FC35-411A-A7C3-7A2141EFCBB0}.Release|Any CPU.ActiveCfg = Release|Any CPU
		{462A08F3-FC35-411A-A7C3-7A2141EFCBB0}.Release|Any CPU.Build.0 = Release|Any CPU
	EndGlobalSection
	GlobalSection(SolutionProperties) = preSolution
		HideSolutionNode = FALSE
	EndGlobalSection
	GlobalSection(ExtensibilityGlobals) = postSolution
		SolutionGuid = {7A45D4E2-28A1-4159-A256-21BBD4A189E7}
	EndGlobalSection
EndGlobal
