
Microsoft Visual Studio Solution File, Format Version 12.00
# Visual Studio 15
VisualStudioVersion = 15.0.27703.2035
MinimumVisualStudioVersion = 10.0.40219.1
Project("{FAE04EC0-301F-11D3-BF4B-00C04F79EFBC}") = "Automat", "Automat\Automat.csproj", "{420333CE-1C7E-44C1-8CAE-CD902D4B9CFE}"
EndProject
Global
	GlobalSection(SolutionConfigurationPlatforms) = preSolution
		Debug|Any CPU = Debug|Any CPU
		Release|Any CPU = Release|Any CPU
	EndGlobalSection
	GlobalSection(ProjectConfigurationPlatforms) = postSolution
		{420333CE-1C7E-44C1-8CAE-CD902D4B9CFE}.Debug|Any CPU.ActiveCfg = Debug|Any CPU
		{420333CE-1C7E-44C1-8CAE-CD902D4B9CFE}.Debug|Any CPU.Build.0 = Debug|Any CPU
		{420333CE-1C7E-44C1-8CAE-CD902D4B9CFE}.Release|Any CPU.ActiveCfg = Release|Any CPU
		{420333CE-1C7E-44C1-8CAE-CD902D4B9CFE}.Release|Any CPU.Build.0 = Release|Any CPU
	EndGlobalSection
	GlobalSection(SolutionProperties) = preSolution
		HideSolutionNode = FALSE
	EndGlobalSection
	GlobalSection(ExtensibilityGlobals) = postSolution
		SolutionGuid = {208D6799-EC4C-4B94-A912-9595EC3C6313}
	EndGlobalSection
EndGlobal
